
Microsoft Visual Studio Solution File, Format Version 12.00
# Visual Studio Version 17
VisualStudioVersion = 17.9.34728.123
MinimumVisualStudioVersion = 10.0.40219.1
Project("{FAE04EC0-301F-11D3-BF4B-00C04F79EFBC}") = "DarkVServer", "DarkVServer.csproj", "{66D41085-C2F3-4B19-856E-DFE0964B9C61}"
EndProject
Global
	GlobalSection(SolutionConfigurationPlatforms) = preSolution
		Debug|Any CPU = Debug|Any CPU
		Release|Any CPU = Release|Any CPU
	EndGlobalSection
	GlobalSection(ProjectConfigurationPlatforms) = postSolution
		{66D41085-C2F3-4B19-856E-DFE0964B9C61}.Debug|Any CPU.ActiveCfg = Debug|Any CPU
		{66D41085-C2F3-4B19-856E-DFE0964B9C61}.Debug|Any CPU.Build.0 = Debug|Any CPU
		{66D41085-C2F3-4B19-856E-DFE0964B9C61}.Release|Any CPU.ActiveCfg = Release|Any CPU
		{66D41085-C2F3-4B19-856E-DFE0964B9C61}.Release|Any CPU.Build.0 = Release|Any CPU
	EndGlobalSection
	GlobalSection(SolutionProperties) = preSolution
		HideSolutionNode = FALSE
	EndGlobalSection
	GlobalSection(ExtensibilityGlobals) = postSolution
		SolutionGuid = {9C83F094-F1B2-49FB-8A7B-FD4D5FBB1B8F}
	EndGlobalSection
EndGlobal
